
Microsoft Visual Studio Solution File, Format Version 12.00
# Visual Studio 14
VisualStudioVersion = 14.0.25420.1
MinimumVisualStudioVersion = 10.0.40219.1
Project("{FAE04EC0-301F-11D3-BF4B-00C04F79EFBC}") = "Server", "AssaultBird2454.VPTU.Server\Server.csproj", "{1DD97708-079F-47E0-96A7-6B50D1674437}"
EndProject
Project("{FAE04EC0-301F-11D3-BF4B-00C04F79EFBC}") = "SaveManager", "AssaultBird2454.VPTU.SaveManager\SaveManager.csproj", "{0B460AE1-322A-43BD-8F5A-4D383506CB8E}"
EndProject
Project("{FAE04EC0-301F-11D3-BF4B-00C04F79EFBC}") = "BattleManager", "AssaultBird2454.VPTU.BattleManager\BattleManager.csproj", "{626ACEE3-9310-4B55-BB35-AB9C08225797}"
EndProject
Project("{2150E333-8FDC-42A3-9474-1A3956D46DE8}") = "PTU Libs", "PTU Libs", "{C1729FAC-DB65-4179-9817-EDCE648E5D11}"
EndProject
Project("{2150E333-8FDC-42A3-9474-1A3956D46DE8}") = "Apps", "Apps", "{1C80FE3C-DC93-4519-9E62-811E3C0864A6}"
EndProject
Project("{FAE04EC0-301F-11D3-BF4B-00C04F79EFBC}") = "Client", "AssaultBird2454.VPTU.Client\Client.csproj", "{FC5C4A1B-00EE-4082-8473-995425B8D01B}"
EndProject
Project("{2150E333-8FDC-42A3-9474-1A3956D46DE8}") = "Tools", "Tools", "{BE5EB1E2-3DE9-4DFB-ABA9-20C1CF7A99C8}"
EndProject
Project("{FAE04EC0-301F-11D3-BF4B-00C04F79EFBC}") = "Pokedex", "AssaultBird2454.VPTU.Pokedex\Pokedex.csproj", "{7E7C28D4-D92F-4D4A-988C-8086FCE625A0}"
EndProject
Global
	GlobalSection(SolutionConfigurationPlatforms) = preSolution
		Debug|Any CPU = Debug|Any CPU
		Release|Any CPU = Release|Any CPU
	EndGlobalSection
	GlobalSection(ProjectConfigurationPlatforms) = postSolution
		{1DD97708-079F-47E0-96A7-6B50D1674437}.Debug|Any CPU.ActiveCfg = Debug|Any CPU
		{1DD97708-079F-47E0-96A7-6B50D1674437}.Debug|Any CPU.Build.0 = Debug|Any CPU
		{1DD97708-079F-47E0-96A7-6B50D1674437}.Release|Any CPU.ActiveCfg = Release|Any CPU
		{1DD97708-079F-47E0-96A7-6B50D1674437}.Release|Any CPU.Build.0 = Release|Any CPU
		{0B460AE1-322A-43BD-8F5A-4D383506CB8E}.Debug|Any CPU.ActiveCfg = Debug|Any CPU
		{0B460AE1-322A-43BD-8F5A-4D383506CB8E}.Debug|Any CPU.Build.0 = Debug|Any CPU
		{0B460AE1-322A-43BD-8F5A-4D383506CB8E}.Release|Any CPU.ActiveCfg = Release|Any CPU
		{0B460AE1-322A-43BD-8F5A-4D383506CB8E}.Release|Any CPU.Build.0 = Release|Any CPU
		{626ACEE3-9310-4B55-BB35-AB9C08225797}.Debug|Any CPU.ActiveCfg = Debug|Any CPU
		{626ACEE3-9310-4B55-BB35-AB9C08225797}.Debug|Any CPU.Build.0 = Debug|Any CPU
		{626ACEE3-9310-4B55-BB35-AB9C08225797}.Release|Any CPU.ActiveCfg = Release|Any CPU
		{626ACEE3-9310-4B55-BB35-AB9C08225797}.Release|Any CPU.Build.0 = Release|Any CPU
		{FC5C4A1B-00EE-4082-8473-995425B8D01B}.Debug|Any CPU.ActiveCfg = Debug|Any CPU
		{FC5C4A1B-00EE-4082-8473-995425B8D01B}.Debug|Any CPU.Build.0 = Debug|Any CPU
		{FC5C4A1B-00EE-4082-8473-995425B8D01B}.Release|Any CPU.ActiveCfg = Release|Any CPU
		{FC5C4A1B-00EE-4082-8473-995425B8D01B}.Release|Any CPU.Build.0 = Release|Any CPU
		{7E7C28D4-D92F-4D4A-988C-8086FCE625A0}.Debug|Any CPU.ActiveCfg = Debug|Any CPU
		{7E7C28D4-D92F-4D4A-988C-8086FCE625A0}.Debug|Any CPU.Build.0 = Debug|Any CPU
		{7E7C28D4-D92F-4D4A-988C-8086FCE625A0}.Release|Any CPU.ActiveCfg = Release|Any CPU
		{7E7C28D4-D92F-4D4A-988C-8086FCE625A0}.Release|Any CPU.Build.0 = Release|Any CPU
	EndGlobalSection
	GlobalSection(SolutionProperties) = preSolution
		HideSolutionNode = FALSE
	EndGlobalSection
	GlobalSection(NestedProjects) = preSolution
		{1DD97708-079F-47E0-96A7-6B50D1674437} = {1C80FE3C-DC93-4519-9E62-811E3C0864A6}
		{0B460AE1-322A-43BD-8F5A-4D383506CB8E} = {C1729FAC-DB65-4179-9817-EDCE648E5D11}
		{626ACEE3-9310-4B55-BB35-AB9C08225797} = {C1729FAC-DB65-4179-9817-EDCE648E5D11}
		{FC5C4A1B-00EE-4082-8473-995425B8D01B} = {1C80FE3C-DC93-4519-9E62-811E3C0864A6}
		{7E7C28D4-D92F-4D4A-988C-8086FCE625A0} = {C1729FAC-DB65-4179-9817-EDCE648E5D11}
	EndGlobalSection
EndGlobal
